
Microsoft Visual Studio Solution File, Format Version 12.00
# Visual Studio 15
VisualStudioVersion = 15.0.26430.6
MinimumVisualStudioVersion = 10.0.40219.1
Project("{FAE04EC0-301F-11D3-BF4B-00C04F79EFBC}") = "VehicleTypeCapture", "VehicleTypeCapture\VehicleTypeCapture.csproj", "{336A83E7-D030-4D8A-B363-AF2B5C4778F6}"
EndProject
Project("{FAE04EC0-301F-11D3-BF4B-00C04F79EFBC}") = "SpeedCameraUtils", "SpeedCameraUtils\SpeedCameraUtils.csproj", "{183329CE-3CD9-4445-9880-89D43680765C}"
EndProject
Global
	GlobalSection(SolutionConfigurationPlatforms) = preSolution
		Debug|Any CPU = Debug|Any CPU
		Release|Any CPU = Release|Any CPU
	EndGlobalSection
	GlobalSection(ProjectConfigurationPlatforms) = postSolution
		{336A83E7-D030-4D8A-B363-AF2B5C4778F6}.Debug|Any CPU.ActiveCfg = Debug|Any CPU
		{336A83E7-D030-4D8A-B363-AF2B5C4778F6}.Debug|Any CPU.Build.0 = Debug|Any CPU
		{336A83E7-D030-4D8A-B363-AF2B5C4778F6}.Release|Any CPU.ActiveCfg = Release|Any CPU
		{336A83E7-D030-4D8A-B363-AF2B5C4778F6}.Release|Any CPU.Build.0 = Release|Any CPU
		{183329CE-3CD9-4445-9880-89D43680765C}.Debug|Any CPU.ActiveCfg = Debug|Any CPU
		{183329CE-3CD9-4445-9880-89D43680765C}.Debug|Any CPU.Build.0 = Debug|Any CPU
		{183329CE-3CD9-4445-9880-89D43680765C}.Release|Any CPU.ActiveCfg = Release|Any CPU
		{183329CE-3CD9-4445-9880-89D43680765C}.Release|Any CPU.Build.0 = Release|Any CPU
	EndGlobalSection
	GlobalSection(SolutionProperties) = preSolution
		HideSolutionNode = FALSE
	EndGlobalSection
EndGlobal
