
Microsoft Visual Studio Solution File, Format Version 12.00
# Visual Studio 15
VisualStudioVersion = 15.0.26730.12
MinimumVisualStudioVersion = 10.0.40219.1
Project("{182E2583-ECAD-465B-BB50-91101D7C24CE}") = "PriceMovementAnalysis", "PriceMovementAnalysis\PriceMovementAnalysis.usqlproj", "{C0D47C1C-5AC7-4191-B210-72DC63EB2B4F}"
EndProject
Project("{182E2583-ECAD-465B-BB50-91101D7C24CE}") = "AggregatorTest", "AggregatorTest\AggregatorTest.usqlproj", "{1036C67C-CAD0-4F68-8586-1FCB6BB9D85B}"
EndProject
Project("{182E2583-ECAD-465B-BB50-91101D7C24CE}") = "OutputterTest", "OutputterTest\OutputterTest.usqlproj", "{C78BC1A9-A64F-4BB1-85A8-127EEE2BF29E}"
EndProject
Project("{182E2583-ECAD-465B-BB50-91101D7C24CE}") = "ProcessWantedOffenders", "ProcessWantedOffenders\ProcessWantedOffenders.usqlproj", "{F5374BB3-6651-45D4-965C-FBEF0CAED119}"
EndProject
Global
	GlobalSection(SolutionConfigurationPlatforms) = preSolution
		Debug|Any CPU = Debug|Any CPU
		Debug|x64 = Debug|x64
		Debug|x86 = Debug|x86
		Release|Any CPU = Release|Any CPU
		Release|x64 = Release|x64
		Release|x86 = Release|x86
	EndGlobalSection
	GlobalSection(ProjectConfigurationPlatforms) = postSolution
		{C0D47C1C-5AC7-4191-B210-72DC63EB2B4F}.Debug|Any CPU.ActiveCfg = Debug|Any CPU
		{C0D47C1C-5AC7-4191-B210-72DC63EB2B4F}.Debug|Any CPU.Build.0 = Debug|Any CPU
		{C0D47C1C-5AC7-4191-B210-72DC63EB2B4F}.Debug|x64.ActiveCfg = Debug|x64
		{C0D47C1C-5AC7-4191-B210-72DC63EB2B4F}.Debug|x64.Build.0 = Debug|x64
		{C0D47C1C-5AC7-4191-B210-72DC63EB2B4F}.Debug|x86.ActiveCfg = Debug|x86
		{C0D47C1C-5AC7-4191-B210-72DC63EB2B4F}.Debug|x86.Build.0 = Debug|x86
		{C0D47C1C-5AC7-4191-B210-72DC63EB2B4F}.Release|Any CPU.ActiveCfg = Release|Any CPU
		{C0D47C1C-5AC7-4191-B210-72DC63EB2B4F}.Release|Any CPU.Build.0 = Release|Any CPU
		{C0D47C1C-5AC7-4191-B210-72DC63EB2B4F}.Release|x64.ActiveCfg = Release|x64
		{C0D47C1C-5AC7-4191-B210-72DC63EB2B4F}.Release|x64.Build.0 = Release|x64
		{C0D47C1C-5AC7-4191-B210-72DC63EB2B4F}.Release|x86.ActiveCfg = Release|x86
		{C0D47C1C-5AC7-4191-B210-72DC63EB2B4F}.Release|x86.Build.0 = Release|x86
		{1036C67C-CAD0-4F68-8586-1FCB6BB9D85B}.Debug|Any CPU.ActiveCfg = Debug|Any CPU
		{1036C67C-CAD0-4F68-8586-1FCB6BB9D85B}.Debug|Any CPU.Build.0 = Debug|Any CPU
		{1036C67C-CAD0-4F68-8586-1FCB6BB9D85B}.Debug|x64.ActiveCfg = Debug|x64
		{1036C67C-CAD0-4F68-8586-1FCB6BB9D85B}.Debug|x64.Build.0 = Debug|x64
		{1036C67C-CAD0-4F68-8586-1FCB6BB9D85B}.Debug|x86.ActiveCfg = Debug|x86
		{1036C67C-CAD0-4F68-8586-1FCB6BB9D85B}.Debug|x86.Build.0 = Debug|x86
		{1036C67C-CAD0-4F68-8586-1FCB6BB9D85B}.Release|Any CPU.ActiveCfg = Release|Any CPU
		{1036C67C-CAD0-4F68-8586-1FCB6BB9D85B}.Release|Any CPU.Build.0 = Release|Any CPU
		{1036C67C-CAD0-4F68-8586-1FCB6BB9D85B}.Release|x64.ActiveCfg = Release|x64
		{1036C67C-CAD0-4F68-8586-1FCB6BB9D85B}.Release|x64.Build.0 = Release|x64
		{1036C67C-CAD0-4F68-8586-1FCB6BB9D85B}.Release|x86.ActiveCfg = Release|x86
		{1036C67C-CAD0-4F68-8586-1FCB6BB9D85B}.Release|x86.Build.0 = Release|x86
		{C78BC1A9-A64F-4BB1-85A8-127EEE2BF29E}.Debug|Any CPU.ActiveCfg = Debug|Any CPU
		{C78BC1A9-A64F-4BB1-85A8-127EEE2BF29E}.Debug|Any CPU.Build.0 = Debug|Any CPU
		{C78BC1A9-A64F-4BB1-85A8-127EEE2BF29E}.Debug|x64.ActiveCfg = Debug|x64
		{C78BC1A9-A64F-4BB1-85A8-127EEE2BF29E}.Debug|x64.Build.0 = Debug|x64
		{C78BC1A9-A64F-4BB1-85A8-127EEE2BF29E}.Debug|x86.ActiveCfg = Debug|x86
		{C78BC1A9-A64F-4BB1-85A8-127EEE2BF29E}.Debug|x86.Build.0 = Debug|x86
		{C78BC1A9-A64F-4BB1-85A8-127EEE2BF29E}.Release|Any CPU.ActiveCfg = Release|Any CPU
		{C78BC1A9-A64F-4BB1-85A8-127EEE2BF29E}.Release|Any CPU.Build.0 = Release|Any CPU
		{C78BC1A9-A64F-4BB1-85A8-127EEE2BF29E}.Release|x64.ActiveCfg = Release|x64
		{C78BC1A9-A64F-4BB1-85A8-127EEE2BF29E}.Release|x64.Build.0 = Release|x64
		{C78BC1A9-A64F-4BB1-85A8-127EEE2BF29E}.Release|x86.ActiveCfg = Release|x86
		{C78BC1A9-A64F-4BB1-85A8-127EEE2BF29E}.Release|x86.Build.0 = Release|x86
		{F5374BB3-6651-45D4-965C-FBEF0CAED119}.Debug|Any CPU.ActiveCfg = Debug|Any CPU
		{F5374BB3-6651-45D4-965C-FBEF0CAED119}.Debug|Any CPU.Build.0 = Debug|Any CPU
		{F5374BB3-6651-45D4-965C-FBEF0CAED119}.Debug|x64.ActiveCfg = Debug|x64
		{F5374BB3-6651-45D4-965C-FBEF0CAED119}.Debug|x64.Build.0 = Debug|x64
		{F5374BB3-6651-45D4-965C-FBEF0CAED119}.Debug|x86.ActiveCfg = Debug|x86
		{F5374BB3-6651-45D4-965C-FBEF0CAED119}.Debug|x86.Build.0 = Debug|x86
		{F5374BB3-6651-45D4-965C-FBEF0CAED119}.Release|Any CPU.ActiveCfg = Release|Any CPU
		{F5374BB3-6651-45D4-965C-FBEF0CAED119}.Release|Any CPU.Build.0 = Release|Any CPU
		{F5374BB3-6651-45D4-965C-FBEF0CAED119}.Release|x64.ActiveCfg = Release|x64
		{F5374BB3-6651-45D4-965C-FBEF0CAED119}.Release|x64.Build.0 = Release|x64
		{F5374BB3-6651-45D4-965C-FBEF0CAED119}.Release|x86.ActiveCfg = Release|x86
		{F5374BB3-6651-45D4-965C-FBEF0CAED119}.Release|x86.Build.0 = Release|x86
	EndGlobalSection
	GlobalSection(SolutionProperties) = preSolution
		HideSolutionNode = FALSE
	EndGlobalSection
	GlobalSection(ExtensibilityGlobals) = postSolution
		SolutionGuid = {43920224-7A1D-4615-B630-074D825D852C}
	EndGlobalSection
EndGlobal
