
Microsoft Visual Studio Solution File, Format Version 12.00
# Visual Studio 15
VisualStudioVersion = 15.0.26430.14
MinimumVisualStudioVersion = 10.0.40219.1
Project("{FAE04EC0-301F-11D3-BF4B-00C04F79EFBC}") = "SpeedCameraUtils", "SpeedCameraUtils\SpeedCameraUtils.csproj", "{AF0E18FA-DCEB-49FF-B027-37346FAD7B81}"
EndProject
Project("{FAE04EC0-301F-11D3-BF4B-00C04F79EFBC}") = "SpeedCameraDriver", "SpeedCameraDevice\SpeedCameraDriver.csproj", "{A689D938-5DCA-475F-8C76-E102306D2FD1}"
EndProject
Global
	GlobalSection(SolutionConfigurationPlatforms) = preSolution
		Debug|Any CPU = Debug|Any CPU
		Release|Any CPU = Release|Any CPU
	EndGlobalSection
	GlobalSection(ProjectConfigurationPlatforms) = postSolution
		{AF0E18FA-DCEB-49FF-B027-37346FAD7B81}.Debug|Any CPU.ActiveCfg = Debug|Any CPU
		{AF0E18FA-DCEB-49FF-B027-37346FAD7B81}.Debug|Any CPU.Build.0 = Debug|Any CPU
		{AF0E18FA-DCEB-49FF-B027-37346FAD7B81}.Release|Any CPU.ActiveCfg = Release|Any CPU
		{AF0E18FA-DCEB-49FF-B027-37346FAD7B81}.Release|Any CPU.Build.0 = Release|Any CPU
		{A689D938-5DCA-475F-8C76-E102306D2FD1}.Debug|Any CPU.ActiveCfg = Debug|Any CPU
		{A689D938-5DCA-475F-8C76-E102306D2FD1}.Debug|Any CPU.Build.0 = Debug|Any CPU
		{A689D938-5DCA-475F-8C76-E102306D2FD1}.Release|Any CPU.ActiveCfg = Release|Any CPU
		{A689D938-5DCA-475F-8C76-E102306D2FD1}.Release|Any CPU.Build.0 = Release|Any CPU
	EndGlobalSection
	GlobalSection(SolutionProperties) = preSolution
		HideSolutionNode = FALSE
	EndGlobalSection
EndGlobal
